
Microsoft Visual Studio Solution File, Format Version 12.00
# Visual Studio Version 16
VisualStudioVersion = 16.0.31205.134
MinimumVisualStudioVersion = 10.0.40219.1
Project("{FAE04EC0-301F-11D3-BF4B-00C04F79EFBC}") = "btlcslt2", "btlcslt2\btlcslt2.csproj", "{97D42CDA-4D6E-438B-882E-0227EC4DA44D}"
EndProject
Global
	GlobalSection(SolutionConfigurationPlatforms) = preSolution
		Debug|Any CPU = Debug|Any CPU
		Release|Any CPU = Release|Any CPU
	EndGlobalSection
	GlobalSection(ProjectConfigurationPlatforms) = postSolution
		{97D42CDA-4D6E-438B-882E-0227EC4DA44D}.Debug|Any CPU.ActiveCfg = Debug|Any CPU
		{97D42CDA-4D6E-438B-882E-0227EC4DA44D}.Debug|Any CPU.Build.0 = Debug|Any CPU
		{97D42CDA-4D6E-438B-882E-0227EC4DA44D}.Release|Any CPU.ActiveCfg = Release|Any CPU
		{97D42CDA-4D6E-438B-882E-0227EC4DA44D}.Release|Any CPU.Build.0 = Release|Any CPU
	EndGlobalSection
	GlobalSection(SolutionProperties) = preSolution
		HideSolutionNode = FALSE
	EndGlobalSection
	GlobalSection(ExtensibilityGlobals) = postSolution
		SolutionGuid = {F0C2A12E-E759-4F4F-9F73-4ABDEC68976F}
	EndGlobalSection
EndGlobal
